
Microsoft Visual Studio Solution File, Format Version 11.00
# Visual Studio 2010
Project("{FAE04EC0-301F-11D3-BF4B-00C04F79EFBC}") = "Assembly-CSharp", "Assembly-CSharp.csproj", "{C0608A3F-1426-0F12-5E48-E5DB5E6D85DD}"
EndProject
Project("{FAE04EC0-301F-11D3-BF4B-00C04F79EFBC}") = "Assembly-CSharp-Editor", "Assembly-CSharp-Editor.csproj", "{1C7E322B-67BB-A539-AC7C-D34A89E06E60}"
EndProject
Global
	GlobalSection(SolutionConfigurationPlatforms) = preSolution
		Debug|Any CPU = Debug|Any CPU
		Release|Any CPU = Release|Any CPU
	EndGlobalSection
	GlobalSection(ProjectConfigurationPlatforms) = postSolution
		{C0608A3F-1426-0F12-5E48-E5DB5E6D85DD}.Debug|Any CPU.ActiveCfg = Debug|Any CPU
		{C0608A3F-1426-0F12-5E48-E5DB5E6D85DD}.Debug|Any CPU.Build.0 = Debug|Any CPU
		{C0608A3F-1426-0F12-5E48-E5DB5E6D85DD}.Release|Any CPU.ActiveCfg = Release|Any CPU
		{C0608A3F-1426-0F12-5E48-E5DB5E6D85DD}.Release|Any CPU.Build.0 = Release|Any CPU
		{1C7E322B-67BB-A539-AC7C-D34A89E06E60}.Debug|Any CPU.ActiveCfg = Debug|Any CPU
		{1C7E322B-67BB-A539-AC7C-D34A89E06E60}.Debug|Any CPU.Build.0 = Debug|Any CPU
		{1C7E322B-67BB-A539-AC7C-D34A89E06E60}.Release|Any CPU.ActiveCfg = Release|Any CPU
		{1C7E322B-67BB-A539-AC7C-D34A89E06E60}.Release|Any CPU.Build.0 = Release|Any CPU
	EndGlobalSection
	GlobalSection(SolutionProperties) = preSolution
		HideSolutionNode = FALSE
	EndGlobalSection
	GlobalSection(MonoDevelopProperties) = preSolution
		StartupItem = Assembly-CSharp.csproj
	EndGlobalSection
EndGlobal
